
Microsoft Visual Studio Solution File, Format Version 12.00
Project("{FAE04EC0-301F-11D3-BF4B-00C04F79EFBC}") = "mobilna", "mobilna\mobilna.csproj", "{43811BD0-061B-4131-909D-E6034A5835FC}"
EndProject
Global
	GlobalSection(SolutionConfigurationPlatforms) = preSolution
		Debug|Any CPU = Debug|Any CPU
		Release|Any CPU = Release|Any CPU
	EndGlobalSection
	GlobalSection(ProjectConfigurationPlatforms) = postSolution
		{43811BD0-061B-4131-909D-E6034A5835FC}.Debug|Any CPU.ActiveCfg = Debug|Any CPU
		{43811BD0-061B-4131-909D-E6034A5835FC}.Debug|Any CPU.Build.0 = Debug|Any CPU
		{43811BD0-061B-4131-909D-E6034A5835FC}.Release|Any CPU.ActiveCfg = Release|Any CPU
		{43811BD0-061B-4131-909D-E6034A5835FC}.Release|Any CPU.Build.0 = Release|Any CPU
	EndGlobalSection
EndGlobal
